
Microsoft Visual Studio Solution File, Format Version 12.00
# Visual Studio Version 16
VisualStudioVersion = 16.0.30711.63
MinimumVisualStudioVersion = 10.0.40219.1
Project("{9A19103F-16F7-4668-BE54-9A1E7A4F7556}") = "API", "DonosServer\API.csproj", "{1767769C-843A-4A3D-8EC2-0CCC7461D47A}"
EndProject
Project("{9A19103F-16F7-4668-BE54-9A1E7A4F7556}") = "Core", "Core\Core.csproj", "{D66226E1-DB64-44FF-9F50-2FFE8B6CFCA6}"
EndProject
Project("{9A19103F-16F7-4668-BE54-9A1E7A4F7556}") = "Infrastructure", "Infrastructure\Infrastructure.csproj", "{7A9943DF-5D2A-4334-9BFB-3719066786D0}"
EndProject
Global
	GlobalSection(SolutionConfigurationPlatforms) = preSolution
		Debug|Any CPU = Debug|Any CPU
		Release|Any CPU = Release|Any CPU
	EndGlobalSection
	GlobalSection(ProjectConfigurationPlatforms) = postSolution
		{1767769C-843A-4A3D-8EC2-0CCC7461D47A}.Debug|Any CPU.ActiveCfg = Debug|Any CPU
		{1767769C-843A-4A3D-8EC2-0CCC7461D47A}.Debug|Any CPU.Build.0 = Debug|Any CPU
		{1767769C-843A-4A3D-8EC2-0CCC7461D47A}.Release|Any CPU.ActiveCfg = Release|Any CPU
		{1767769C-843A-4A3D-8EC2-0CCC7461D47A}.Release|Any CPU.Build.0 = Release|Any CPU
		{D66226E1-DB64-44FF-9F50-2FFE8B6CFCA6}.Debug|Any CPU.ActiveCfg = Debug|Any CPU
		{D66226E1-DB64-44FF-9F50-2FFE8B6CFCA6}.Debug|Any CPU.Build.0 = Debug|Any CPU
		{D66226E1-DB64-44FF-9F50-2FFE8B6CFCA6}.Release|Any CPU.ActiveCfg = Release|Any CPU
		{D66226E1-DB64-44FF-9F50-2FFE8B6CFCA6}.Release|Any CPU.Build.0 = Release|Any CPU
		{7A9943DF-5D2A-4334-9BFB-3719066786D0}.Debug|Any CPU.ActiveCfg = Debug|Any CPU
		{7A9943DF-5D2A-4334-9BFB-3719066786D0}.Debug|Any CPU.Build.0 = Debug|Any CPU
		{7A9943DF-5D2A-4334-9BFB-3719066786D0}.Release|Any CPU.ActiveCfg = Release|Any CPU
		{7A9943DF-5D2A-4334-9BFB-3719066786D0}.Release|Any CPU.Build.0 = Release|Any CPU
	EndGlobalSection
	GlobalSection(SolutionProperties) = preSolution
		HideSolutionNode = FALSE
	EndGlobalSection
	GlobalSection(ExtensibilityGlobals) = postSolution
		SolutionGuid = {713C7F85-2679-4FD6-B769-9AF27A17C964}
	EndGlobalSection
EndGlobal
